
Microsoft Visual Studio Solution File, Format Version 12.00
# Visual Studio Version 16
VisualStudioVersion = 16.0.30907.101
MinimumVisualStudioVersion = 10.0.40219.1
Project("{FAE04EC0-301F-11D3-BF4B-00C04F79EFBC}") = "DataAccess", "DataAccess\DataAccess.csproj", "{49BD18C1-6A14-49B9-A269-8B02A74828FE}"
EndProject
Project("{FAE04EC0-301F-11D3-BF4B-00C04F79EFBC}") = "Business", "Business\Business.csproj", "{39D392F5-9280-4DEC-AA1C-D35241497D4B}"
EndProject
Project("{FAE04EC0-301F-11D3-BF4B-00C04F79EFBC}") = "Entities", "Entities\Entities.csproj", "{D15F19A3-5286-46EC-92EB-61D19480D098}"
EndProject
Project("{FAE04EC0-301F-11D3-BF4B-00C04F79EFBC}") = "ConsoleUI", "ConsoleUI\ConsoleUI.csproj", "{2EC8E208-19B4-4890-AEFF-CE7DC5E95D8E}"
EndProject
Global
	GlobalSection(SolutionConfigurationPlatforms) = preSolution
		Debug|Any CPU = Debug|Any CPU
		Release|Any CPU = Release|Any CPU
	EndGlobalSection
	GlobalSection(ProjectConfigurationPlatforms) = postSolution
		{49BD18C1-6A14-49B9-A269-8B02A74828FE}.Debug|Any CPU.ActiveCfg = Debug|Any CPU
		{49BD18C1-6A14-49B9-A269-8B02A74828FE}.Debug|Any CPU.Build.0 = Debug|Any CPU
		{49BD18C1-6A14-49B9-A269-8B02A74828FE}.Release|Any CPU.ActiveCfg = Release|Any CPU
		{49BD18C1-6A14-49B9-A269-8B02A74828FE}.Release|Any CPU.Build.0 = Release|Any CPU
		{39D392F5-9280-4DEC-AA1C-D35241497D4B}.Debug|Any CPU.ActiveCfg = Debug|Any CPU
		{39D392F5-9280-4DEC-AA1C-D35241497D4B}.Debug|Any CPU.Build.0 = Debug|Any CPU
		{39D392F5-9280-4DEC-AA1C-D35241497D4B}.Release|Any CPU.ActiveCfg = Release|Any CPU
		{39D392F5-9280-4DEC-AA1C-D35241497D4B}.Release|Any CPU.Build.0 = Release|Any CPU
		{D15F19A3-5286-46EC-92EB-61D19480D098}.Debug|Any CPU.ActiveCfg = Debug|Any CPU
		{D15F19A3-5286-46EC-92EB-61D19480D098}.Debug|Any CPU.Build.0 = Debug|Any CPU
		{D15F19A3-5286-46EC-92EB-61D19480D098}.Release|Any CPU.ActiveCfg = Release|Any CPU
		{D15F19A3-5286-46EC-92EB-61D19480D098}.Release|Any CPU.Build.0 = Release|Any CPU
		{2EC8E208-19B4-4890-AEFF-CE7DC5E95D8E}.Debug|Any CPU.ActiveCfg = Debug|Any CPU
		{2EC8E208-19B4-4890-AEFF-CE7DC5E95D8E}.Debug|Any CPU.Build.0 = Debug|Any CPU
		{2EC8E208-19B4-4890-AEFF-CE7DC5E95D8E}.Release|Any CPU.ActiveCfg = Release|Any CPU
		{2EC8E208-19B4-4890-AEFF-CE7DC5E95D8E}.Release|Any CPU.Build.0 = Release|Any CPU
	EndGlobalSection
	GlobalSection(SolutionProperties) = preSolution
		HideSolutionNode = FALSE
	EndGlobalSection
	GlobalSection(ExtensibilityGlobals) = postSolution
		SolutionGuid = {96CE590F-336D-44EE-BF56-C3EDA17EF41C}
	EndGlobalSection
EndGlobal
